
Microsoft Visual Studio Solution File, Format Version 12.00
# Visual Studio Version 17
VisualStudioVersion = 17.11.35312.102
MinimumVisualStudioVersion = 10.0.40219.1
Project("{FAE04EC0-301F-11D3-BF4B-00C04F79EFBC}") = "Generic Collections", "Generic Collections\Generic Collections.csproj", "{89F89A2A-55C5-40CE-9594-E64388687C75}"
EndProject
Global
	GlobalSection(SolutionConfigurationPlatforms) = preSolution
		Debug|Any CPU = Debug|Any CPU
		Release|Any CPU = Release|Any CPU
	EndGlobalSection
	GlobalSection(ProjectConfigurationPlatforms) = postSolution
		{89F89A2A-55C5-40CE-9594-E64388687C75}.Debug|Any CPU.ActiveCfg = Debug|Any CPU
		{89F89A2A-55C5-40CE-9594-E64388687C75}.Debug|Any CPU.Build.0 = Debug|Any CPU
		{89F89A2A-55C5-40CE-9594-E64388687C75}.Release|Any CPU.ActiveCfg = Release|Any CPU
		{89F89A2A-55C5-40CE-9594-E64388687C75}.Release|Any CPU.Build.0 = Release|Any CPU
	EndGlobalSection
	GlobalSection(SolutionProperties) = preSolution
		HideSolutionNode = FALSE
	EndGlobalSection
	GlobalSection(ExtensibilityGlobals) = postSolution
		SolutionGuid = {CEFEE413-9D60-48D1-88B2-D1D8C67335B2}
	EndGlobalSection
EndGlobal
